
Microsoft Visual Studio Solution File, Format Version 12.00
# Visual Studio Version 16
VisualStudioVersion = 16.0.30907.101
MinimumVisualStudioVersion = 10.0.40219.1
Project("{888888A0-9F3D-457C-B088-3A5042F75D52}") = "SecurityCamera", "SecurityCamera.pyproj", "{43A3D1FA-5ADE-4AF8-BE02-05D93A4A2060}"
EndProject
Global
	GlobalSection(SolutionConfigurationPlatforms) = preSolution
		Debug|Any CPU = Debug|Any CPU
		Release|Any CPU = Release|Any CPU
	EndGlobalSection
	GlobalSection(ProjectConfigurationPlatforms) = postSolution
		{43A3D1FA-5ADE-4AF8-BE02-05D93A4A2060}.Debug|Any CPU.ActiveCfg = Debug|Any CPU
		{43A3D1FA-5ADE-4AF8-BE02-05D93A4A2060}.Release|Any CPU.ActiveCfg = Release|Any CPU
	EndGlobalSection
	GlobalSection(SolutionProperties) = preSolution
		HideSolutionNode = FALSE
	EndGlobalSection
	GlobalSection(ExtensibilityGlobals) = postSolution
		SolutionGuid = {678BB42D-6206-48F2-B09D-CBD80B0330B8}
	EndGlobalSection
EndGlobal
